
Microsoft Visual Studio Solution File, Format Version 12.00
# Visual Studio Version 17
VisualStudioVersion = 17.5.002.0
MinimumVisualStudioVersion = 10.0.40219.1
Project("{9A19103F-16F7-4668-BE54-9A1E7A4F7556}") = "CarsMethodsTask1", "CarsMethodsTask1.csproj", "{2A96824B-C333-4F35-B67F-2DAB9E6E92F9}"
EndProject
Global
	GlobalSection(SolutionConfigurationPlatforms) = preSolution
		Debug|Any CPU = Debug|Any CPU
		Release|Any CPU = Release|Any CPU
	EndGlobalSection
	GlobalSection(ProjectConfigurationPlatforms) = postSolution
		{2A96824B-C333-4F35-B67F-2DAB9E6E92F9}.Debug|Any CPU.ActiveCfg = Debug|Any CPU
		{2A96824B-C333-4F35-B67F-2DAB9E6E92F9}.Debug|Any CPU.Build.0 = Debug|Any CPU
		{2A96824B-C333-4F35-B67F-2DAB9E6E92F9}.Release|Any CPU.ActiveCfg = Release|Any CPU
		{2A96824B-C333-4F35-B67F-2DAB9E6E92F9}.Release|Any CPU.Build.0 = Release|Any CPU
	EndGlobalSection
	GlobalSection(SolutionProperties) = preSolution
		HideSolutionNode = FALSE
	EndGlobalSection
	GlobalSection(ExtensibilityGlobals) = postSolution
		SolutionGuid = {5EC78EA2-68E7-4C8C-A0D5-AE242E28E063}
	EndGlobalSection
EndGlobal
